lockfileVersion: '9.0'

settings:
  autoInstallPeers: true
  excludeLinksFromLockfile: false

importers:

  .:
    devDependencies:
      vitepress:
        specifier: 2.0.0-alpha.16
        version: 2.0.0-alpha.16(postcss@8.5.6)

packages:

  '@babel/helper-string-parser@7.27.1':
    resolution: {integrity: sha512-qMlSxKbpRlAridDExk92nSobyDdpPijUq2DW6oDnUqd0iOGxmQjyqhMIihI9+zv4LPyZdRje2cavWPbCbWm3eA==}
    engines: {node: '>=6.9.0'}

  '@babel/helper-validator-identifier@7.28.5':
    resolution: {integrity: sha512-qSs4ifwzKJSV39ucNjsvc6WVHs6b7S03sOh2OcHF9UHfVPqWWALUsNUVzhSBiItjRZoLHx7nIarVjqKVusUZ1Q==}
    engines: {node: '>=6.9.0'}

  '@babel/parser@7.29.0':
    resolution: {integrity: sha512-IyDgFV5GeDUVX4YdF/3CPULtVGSXXMLh1xVIgdCgxApktqnQV0r7/8Nqthg+8YLGaAtdyIlo2qIdZrbCv4+7ww==}
    engines: {node: '>=6.0.0'}
    hasBin: true

  '@babel/types@7.29.0':
    resolution: {integrity: sha512-LwdZHpScM4Qz8Xw2iKSzS+cfglZzJGvofQICy7W7v4caru4EaAmyUuO6BGrbyQ2mYV11W0U8j5mBhd14dd3B0A==}
    engines: {node: '>=6.9.0'}

  '@docsearch/css@4.6.0':
    resolution: {integrity: sha512-YlcAimkXclvqta47g47efzCM5CFxDwv2ClkDfEs/fC/Ak0OxPH2b3czwa4o8O1TRBf+ujFF2RiUwszz2fPVNJQ==}

  '@docsearch/js@4.6.0':
    resolution: {integrity: sha512-9/rbgkm/BgTq46cwxIohvSAz3koOFjnPpg0mwkJItAfzKbQIj+310PvwtgUY1YITDuGCag6yOL50GW2DBkaaBw==}

  '@docsearch/sidepanel-js@4.6.0':
    resolution: {integrity: sha512-lFT5KLwlzUmpoGArCScNoK41l9a22JYsEPwBzMrz+/ILVR5Ax87UphCuiyDFQWEvEmbwzn/kJx5W/O5BUlN1Rw==}

  '@esbuild/aix-ppc64@0.27.3':
    resolution: {integrity: sha512-9fJMTNFTWZMh5qwrBItuziu834eOCUcEqymSH7pY+zoMVEZg3gcPuBNxH1EvfVYe9h0x/Ptw8KBzv7qxb7l8dg==}
    engines: {node: '>=18'}
    cpu: [ppc64]
    os: [aix]

  '@esbuild/android-arm64@0.27.3':
    resolution: {integrity: sha512-YdghPYUmj/FX2SYKJ0OZxf+iaKgMsKHVPF1MAq/P8WirnSpCStzKJFjOjzsW0QQ7oIAiccHdcqjbHmJxRb/dmg==}
    engines: {node: '>=18'}
    cpu: [arm64]
    os: [android]

  '@esbuild/android-arm@0.27.3':
    resolution: {integrity: sha512-i5D1hPY7GIQmXlXhs2w8AWHhenb00+GxjxRncS2ZM7YNVGNfaMxgzSGuO8o8SJzRc/oZwU2bcScvVERk03QhzA==}
    engines: {node: '>=18'}
    cpu: [arm]
    os: [android]

  '@esbuild/android-x64@0.27.3':
    resolution: {integrity: sha512-IN/0BNTkHtk8lkOM8JWAYFg4ORxBkZQf9zXiEOfERX/CzxW3Vg1ewAhU7QSWQpVIzTW+b8Xy+lGzdYXV6UZObQ==}
    engines: {node: '>=18'}
    cpu: [x64]
    os: [android]

  '@esbuild/darwin-arm64@0.27.3':
    resolution: {integrity: sha512-Re491k7ByTVRy0t3EKWajdLIr0gz2kKKfzafkth4Q8A5n1xTHrkqZgLLjFEHVD+AXdUGgQMq+Godfq45mGpCKg==}
    engines: {node: '>=18'}
    cpu: [arm64]
    os: [darwin]

  '@esbuild/darwin-x64@0.27.3':
    resolution: {integrity: sha512-vHk/hA7/1AckjGzRqi6wbo+jaShzRowYip6rt6q7VYEDX4LEy1pZfDpdxCBnGtl+A5zq8iXDcyuxwtv3hNtHFg==}
    engines: {node: '>=18'}
    cpu: [x64]
    os: [darwin]

  '@esbuild/freebsd-arm64@0.27.3':
    resolution: {integrity: sha512-ipTYM2fjt3kQAYOvo6vcxJx3nBYAzPjgTCk7QEgZG8AUO3ydUhvelmhrbOheMnGOlaSFUoHXB6un+A7q4ygY9w==}
    engines: {node: '>=18'}
    cpu: [arm64]
    os: [freebsd]

  '@esbuild/freebsd-x64@0.27.3':
    resolution: {integrity: sha512-dDk0X87T7mI6U3K9VjWtHOXqwAMJBNN2r7bejDsc+j03SEjtD9HrOl8gVFByeM0aJksoUuUVU9TBaZa2rgj0oA==}
    engines: {node: '>=18'}
    cpu: [x64]
    os: [freebsd]

  '@esbuild/linux-arm64@0.27.3':
    resolution: {integrity: sha512-sZOuFz/xWnZ4KH3YfFrKCf1WyPZHakVzTiqji3WDc0BCl2kBwiJLCXpzLzUBLgmp4veFZdvN5ChW4Eq/8Fc2Fg==}
    engines: {node: '>=18'}
    cpu: [arm64]
    os: [linux]

  '@esbuild/linux-arm@0.27.3':
    resolution: {integrity: sha512-s6nPv2QkSupJwLYyfS+gwdirm0ukyTFNl3KTgZEAiJDd+iHZcbTPPcWCcRYH+WlNbwChgH2QkE9NSlNrMT8Gfw==}
    engines: {node: '>=18'}
    cpu: [arm]
    os: [linux]

  '@esbuild/linux-ia32@0.27.3':
    resolution: {integrity: sha512-yGlQYjdxtLdh0a3jHjuwOrxQjOZYD/C9PfdbgJJF3TIZWnm/tMd/RcNiLngiu4iwcBAOezdnSLAwQDPqTmtTYg==}
    engines: {node: '>=18'}
    cpu: [ia32]
    os: [linux]

  '@esbuild/linux-loong64@0.27.3':
    resolution: {integrity: sha512-WO60Sn8ly3gtzhyjATDgieJNet/KqsDlX5nRC5Y3oTFcS1l0KWba+SEa9Ja1GfDqSF1z6hif/SkpQJbL63cgOA==}
    engines: {node: '>=18'}
    cpu: [loong64]
    os: [linux]

  '@esbuild/linux-mips64el@0.27.3':
    resolution: {integrity: sha512-APsymYA6sGcZ4pD6k+UxbDjOFSvPWyZhjaiPyl/f79xKxwTnrn5QUnXR5prvetuaSMsb4jgeHewIDCIWljrSxw==}
    engines: {node: '>=18'}
    cpu: [mips64el]
    os: [linux]

  '@esbuild/linux-ppc64@0.27.3':
    resolution: {integrity: sha512-eizBnTeBefojtDb9nSh4vvVQ3V9Qf9Df01PfawPcRzJH4gFSgrObw+LveUyDoKU3kxi5+9RJTCWlj4FjYXVPEA==}
    engines: {node: '>=18'}
    cpu: [ppc64]
    os: [linux]

  '@esbuild/linux-riscv64@0.27.3':
    resolution: {integrity: sha512-3Emwh0r5wmfm3ssTWRQSyVhbOHvqegUDRd0WhmXKX2mkHJe1SFCMJhagUleMq+Uci34wLSipf8Lagt4LlpRFWQ==}
    engines: {node: '>=18'}
    cpu: [riscv64]
    os: [linux]

  '@esbuild/linux-s390x@0.27.3':
    resolution: {integrity: sha512-pBHUx9LzXWBc7MFIEEL0yD/ZVtNgLytvx60gES28GcWMqil8ElCYR4kvbV2BDqsHOvVDRrOxGySBM9Fcv744hw==}
    engines: {node: '>=18'}
    cpu: [s390x]
    os: [linux]

  '@esbuild/linux-x64@0.27.3':
    resolution: {integrity: sha512-Czi8yzXUWIQYAtL/2y6vogER8pvcsOsk5cpwL4Gk5nJqH5UZiVByIY8Eorm5R13gq+DQKYg0+JyQoytLQas4dA==}
    engines: {node: '>=18'}
    cpu: [x64]
    os: [linux]

  '@esbuild/netbsd-arm64@0.27.3':
    resolution: {integrity: sha512-sDpk0RgmTCR/5HguIZa9n9u+HVKf40fbEUt+iTzSnCaGvY9kFP0YKBWZtJaraonFnqef5SlJ8/TiPAxzyS+UoA==}
    engines: {node: '>=18'}
    cpu: [arm64]
    os: [netbsd]

  '@esbuild/netbsd-x64@0.27.3':
    resolution: {integrity: sha512-P14lFKJl/DdaE00LItAukUdZO5iqNH7+PjoBm+fLQjtxfcfFE20Xf5CrLsmZdq5LFFZzb5JMZ9grUwvtVYzjiA==}
    engines: {node: '>=18'}
    cpu: [x64]
    os: [netbsd]

  '@esbuild/openbsd-arm64@0.27.3':
    resolution: {integrity: sha512-AIcMP77AvirGbRl/UZFTq5hjXK+2wC7qFRGoHSDrZ5v5b8DK/GYpXW3CPRL53NkvDqb9D+alBiC/dV0Fb7eJcw==}
    engines: {node: '>=18'}
    cpu: [arm64]
    os: [openbsd]

  '@esbuild/openbsd-x64@0.27.3':
    resolution: {integrity: sha512-DnW2sRrBzA+YnE70LKqnM3P+z8vehfJWHXECbwBmH/CU51z6FiqTQTHFenPlHmo3a8UgpLyH3PT+87OViOh1AQ==}
    engines: {node: '>=18'}
    cpu: [x64]
    os: [openbsd]

  '@esbuild/openharmony-arm64@0.27.3':
    resolution: {integrity: sha512-NinAEgr/etERPTsZJ7aEZQvvg/A6IsZG/LgZy+81wON2huV7SrK3e63dU0XhyZP4RKGyTm7aOgmQk0bGp0fy2g==}
    engines: {node: '>=18'}
    cpu: [arm64]
    os: [openharmony]

  '@esbuild/sunos-x64@0.27.3':
    resolution: {integrity: sha512-PanZ+nEz+eWoBJ8/f8HKxTTD172SKwdXebZ0ndd953gt1HRBbhMsaNqjTyYLGLPdoWHy4zLU7bDVJztF5f3BHA==}
    engines: {node: '>=18'}
    cpu: [x64]
    os: [sunos]

  '@esbuild/win32-arm64@0.27.3':
    resolution: {integrity: sha512-B2t59lWWYrbRDw/tjiWOuzSsFh1Y/E95ofKz7rIVYSQkUYBjfSgf6oeYPNWHToFRr2zx52JKApIcAS/D5TUBnA==}
    engines: {node: '>=18'}
    cpu: [arm64]
    os: [win32]

  '@esbuild/win32-ia32@0.27.3':
    resolution: {integrity: sha512-QLKSFeXNS8+tHW7tZpMtjlNb7HKau0QDpwm49u0vUp9y1WOF+PEzkU84y9GqYaAVW8aH8f3GcBck26jh54cX4Q==}
    engines: {node: '>=18'}
    cpu: [ia32]
    os: [win32]

  '@esbuild/win32-x64@0.27.3':
    resolution: {integrity: sha512-4uJGhsxuptu3OcpVAzli+/gWusVGwZZHTlS63hh++ehExkVT8SgiEf7/uC/PclrPPkLhZqGgCTjd0VWLo6xMqA==}
    engines: {node: '>=18'}
    cpu: [x64]
    os: [win32]

  '@iconify-json/simple-icons@1.2.72':
    resolution: {integrity: sha512-wkcixntHvaCoqPqerGrNFcHQ3Yx1ux4ZkhscCDK0DEHpP62XCH+cxq1HTsRjbUiQl/M9K8bj03HF6Wgn5iE2rQ==}

  '@iconify/types@2.0.0':
    resolution: {integrity: sha512-+wluvCrRhXrhyOmRDJ3q8mux9JkKy5SJ/v8ol2tu4FVjyYvtEzkc/3pK15ET6RKg4b4w4BmTk1+gsCUhf21Ykg==}

  '@jridgewell/sourcemap-codec@1.5.5':
    resolution: {integrity: sha512-cYQ9310grqxueWbl+WuIUIaiUaDcj7WOq5fVhEljNVgRfOUhY9fy2zTvfoqWsnebh8Sl70VScFbICvJnLKB0Og==}

  '@rolldown/pluginutils@1.0.0-rc.2':
    resolution: {integrity: sha512-izyXV/v+cHiRfozX62W9htOAvwMo4/bXKDrQ+vom1L1qRuexPock/7VZDAhnpHCLNejd3NJ6hiab+tO0D44Rgw==}

  '@rollup/rollup-android-arm-eabi@4.59.0':
    resolution: {integrity: sha512-upnNBkA6ZH2VKGcBj9Fyl9IGNPULcjXRlg0LLeaioQWueH30p6IXtJEbKAgvyv+mJaMxSm1l6xwDXYjpEMiLMg==}
    cpu: [arm]
    os: [android]

  '@rollup/rollup-android-arm64@4.59.0':
    resolution: {integrity: sha512-hZ+Zxj3SySm4A/DylsDKZAeVg0mvi++0PYVceVyX7hemkw7OreKdCvW2oQ3T1FMZvCaQXqOTHb8qmBShoqk69Q==}
    cpu: [arm64]
    os: [android]

  '@rollup/rollup-darwin-arm64@4.59.0':
    resolution: {integrity: sha512-W2Psnbh1J8ZJw0xKAd8zdNgF9HRLkdWwwdWqubSVk0pUuQkoHnv7rx4GiF9rT4t5DIZGAsConRE3AxCdJ4m8rg==}
    cpu: [arm64]
    os: [darwin]

  '@rollup/rollup-darwin-x64@4.59.0':
    resolution: {integrity: sha512-ZW2KkwlS4lwTv7ZVsYDiARfFCnSGhzYPdiOU4IM2fDbL+QGlyAbjgSFuqNRbSthybLbIJ915UtZBtmuLrQAT/w==}
    cpu: [x64]
    os: [darwin]

  '@rollup/rollup-freebsd-arm64@4.59.0':
    resolution: {integrity: sha512-EsKaJ5ytAu9jI3lonzn3BgG8iRBjV4LxZexygcQbpiU0wU0ATxhNVEpXKfUa0pS05gTcSDMKpn3Sx+QB9RlTTA==}
    cpu: [arm64]
    os: [freebsd]

  '@rollup/rollup-freebsd-x64@4.59.0':
    resolution: {integrity: sha512-d3DuZi2KzTMjImrxoHIAODUZYoUUMsuUiY4SRRcJy6NJoZ6iIqWnJu9IScV9jXysyGMVuW+KNzZvBLOcpdl3Vg==}
    cpu: [x64]
    os: [freebsd]

  '@rollup/rollup-linux-arm-gnueabihf@4.59.0':
    resolution: {integrity: sha512-t4ONHboXi/3E0rT6OZl1pKbl2Vgxf9vJfWgmUoCEVQVxhW6Cw/c8I6hbbu7DAvgp82RKiH7TpLwxnJeKv2pbsw==}
    cpu: [arm]
    os: [linux]

  '@rollup/rollup-linux-arm-musleabihf@4.59.0':
    resolution: {integrity: sha512-CikFT7aYPA2ufMD086cVORBYGHffBo4K8MQ4uPS/ZnY54GKj36i196u8U+aDVT2LX4eSMbyHtyOh7D7Zvk2VvA==}
    cpu: [arm]
    os: [linux]

  '@rollup/rollup-linux-arm64-gnu@4.59.0':
    resolution: {integrity: sha512-jYgUGk5aLd1nUb1CtQ8E+t5JhLc9x5WdBKew9ZgAXg7DBk0ZHErLHdXM24rfX+bKrFe+Xp5YuJo54I5HFjGDAA==}
    cpu: [arm64]
    os: [linux]

  '@rollup/rollup-linux-arm64-musl@4.59.0':
    resolution: {integrity: sha512-peZRVEdnFWZ5Bh2KeumKG9ty7aCXzzEsHShOZEFiCQlDEepP1dpUl/SrUNXNg13UmZl+gzVDPsiCwnV1uI0RUA==}
    cpu: [arm64]
    os: [linux]

  '@rollup/rollup-linux-loong64-gnu@4.59.0':
    resolution: {integrity: sha512-gbUSW/97f7+r4gHy3Jlup8zDG190AuodsWnNiXErp9mT90iCy9NKKU0Xwx5k8VlRAIV2uU9CsMnEFg/xXaOfXg==}
    cpu: [loong64]
    os: [linux]

  '@rollup/rollup-linux-loong64-musl@4.59.0':
    resolution: {integrity: sha512-yTRONe79E+o0FWFijasoTjtzG9EBedFXJMl888NBEDCDV9I2wGbFFfJQQe63OijbFCUZqxpHz1GzpbtSFikJ4Q==}
    cpu: [loong64]
    os: [linux]

  '@rollup/rollup-linux-ppc64-gnu@4.59.0':
    resolution: {integrity: sha512-sw1o3tfyk12k3OEpRddF68a1unZ5VCN7zoTNtSn2KndUE+ea3m3ROOKRCZxEpmT9nsGnogpFP9x6mnLTCaoLkA==}
    cpu: [ppc64]
    os: [linux]

  '@rollup/rollup-linux-ppc64-musl@4.59.0':
    resolution: {integrity: sha512-+2kLtQ4xT3AiIxkzFVFXfsmlZiG5FXYW7ZyIIvGA7Bdeuh9Z0aN4hVyXS/G1E9bTP/vqszNIN/pUKCk/BTHsKA==}
    cpu: [ppc64]
    os: [linux]

  '@rollup/rollup-linux-riscv64-gnu@4.59.0':
    resolution: {integrity: sha512-NDYMpsXYJJaj+I7UdwIuHHNxXZ/b/N2hR15NyH3m2qAtb/hHPA4g4SuuvrdxetTdndfj9b1WOmy73kcPRoERUg==}
    cpu: [riscv64]
    os: [linux]

  '@rollup/rollup-linux-riscv64-musl@4.59.0':
    resolution: {integrity: sha512-nLckB8WOqHIf1bhymk+oHxvM9D3tyPndZH8i8+35p/1YiVoVswPid2yLzgX7ZJP0KQvnkhM4H6QZ5m0LzbyIAg==}
    cpu: [riscv64]
    os: [linux]

  '@rollup/rollup-linux-s390x-gnu@4.59.0':
    resolution: {integrity: sha512-oF87Ie3uAIvORFBpwnCvUzdeYUqi2wY6jRFWJAy1qus/udHFYIkplYRW+wo+GRUP4sKzYdmE1Y3+rY5Gc4ZO+w==}
    cpu: [s390x]
    os: [linux]

  '@rollup/rollup-linux-x64-gnu@4.59.0':
    resolution: {integrity: sha512-3AHmtQq/ppNuUspKAlvA8HtLybkDflkMuLK4DPo77DfthRb71V84/c4MlWJXixZz4uruIH4uaa07IqoAkG64fg==}
    cpu: [x64]
    os: [linux]

  '@rollup/rollup-linux-x64-musl@4.59.0':
    resolution: {integrity: sha512-2UdiwS/9cTAx7qIUZB/fWtToJwvt0Vbo0zmnYt7ED35KPg13Q0ym1g442THLC7VyI6JfYTP4PiSOWyoMdV2/xg==}
    cpu: [x64]
    os: [linux]

  '@rollup/rollup-openbsd-x64@4.59.0':
    resolution: {integrity: sha512-M3bLRAVk6GOwFlPTIxVBSYKUaqfLrn8l0psKinkCFxl4lQvOSz8ZrKDz2gxcBwHFpci0B6rttydI4IpS4IS/jQ==}
    cpu: [x64]
    os: [openbsd]

  '@rollup/rollup-openharmony-arm64@4.59.0':
    resolution: {integrity: sha512-tt9KBJqaqp5i5HUZzoafHZX8b5Q2Fe7UjYERADll83O4fGqJ49O1FsL6LpdzVFQcpwvnyd0i+K/VSwu/o/nWlA==}
    cpu: [arm64]
    os: [openharmony]

  '@rollup/rollup-win32-arm64-msvc@4.59.0':
    resolution: {integrity: sha512-V5B6mG7OrGTwnxaNUzZTDTjDS7F75PO1ae6MJYdiMu60sq0CqN5CVeVsbhPxalupvTX8gXVSU9gq+Rx1/hvu6A==}
    cpu: [arm64]
    os: [win32]

  '@rollup/rollup-win32-ia32-msvc@4.59.0':
    resolution: {integrity: sha512-UKFMHPuM9R0iBegwzKF4y0C4J9u8C6MEJgFuXTBerMk7EJ92GFVFYBfOZaSGLu6COf7FxpQNqhNS4c4icUPqxA==}
    cpu: [ia32]
    os: [win32]

  '@rollup/rollup-win32-x64-gnu@4.59.0':
    resolution: {integrity: sha512-laBkYlSS1n2L8fSo1thDNGrCTQMmxjYY5G0WFWjFFYZkKPjsMBsgJfGf4TLxXrF6RyhI60L8TMOjBMvXiTcxeA==}
    cpu: [x64]
    os: [win32]

  '@rollup/rollup-win32-x64-msvc@4.59.0':
    resolution: {integrity: sha512-2HRCml6OztYXyJXAvdDXPKcawukWY2GpR5/nxKp4iBgiO3wcoEGkAaqctIbZcNB6KlUQBIqt8VYkNSj2397EfA==}
    cpu: [x64]
    os: [win32]

  '@shikijs/core@3.23.0':
    resolution: {integrity: sha512-NSWQz0riNb67xthdm5br6lAkvpDJRTgB36fxlo37ZzM2yq0PQFFzbd8psqC2XMPgCzo1fW6cVi18+ArJ44wqgA==}

  '@shikijs/engine-javascript@3.23.0':
    resolution: {integrity: sha512-aHt9eiGFobmWR5uqJUViySI1bHMqrAgamWE1TYSUoftkAeCCAiGawPMwM+VCadylQtF4V3VNOZ5LmfItH5f3yA==}

  '@shikijs/engine-oniguruma@3.23.0':
    resolution: {integrity: sha512-1nWINwKXxKKLqPibT5f4pAFLej9oZzQTsby8942OTlsJzOBZ0MWKiwzMsd+jhzu8YPCHAswGnnN1YtQfirL35g==}

  '@shikijs/langs@3.23.0':
    resolution: {integrity: sha512-2Ep4W3Re5aB1/62RSYQInK9mM3HsLeB91cHqznAJMuylqjzNVAVCMnNWRHFtcNHXsoNRayP9z1qj4Sq3nMqYXg==}

  '@shikijs/themes@3.23.0':
    resolution: {integrity: sha512-5qySYa1ZgAT18HR/ypENL9cUSGOeI2x+4IvYJu4JgVJdizn6kG4ia5Q1jDEOi7gTbN4RbuYtmHh0W3eccOrjMA==}

  '@shikijs/transformers@3.23.0':
    resolution: {integrity: sha512-F9msZVxdF+krQNSdQ4V+Ja5QemeAoTQ2jxt7nJCwhDsdF1JWS3KxIQXA3lQbyKwS3J61oHRUSv4jYWv3CkaKTQ==}

  '@shikijs/types@3.23.0':
    resolution: {integrity: sha512-3JZ5HXOZfYjsYSk0yPwBrkupyYSLpAE26Qc0HLghhZNGTZg/SKxXIIgoxOpmmeQP0RRSDJTk1/vPfw9tbw+jSQ==}

  '@shikijs/vscode-textmate@10.0.2':
    resolution: {integrity: sha512-83yeghZ2xxin3Nj8z1NMd/NCuca+gsYXswywDy5bHvwlWL8tpTQmzGeUuHd9FC3E/SBEMvzJRwWEOz5gGes9Qg==}

  '@types/estree@1.0.8':
    resolution: {integrity: sha512-dWHzHa2WqEXI/O1E9OjrocMTKJl2mSrEolh1Iomrv6U+JuNwaHXsXx9bLu5gG7BUWFIN0skIQJQ/L1rIex4X6w==}

  '@types/hast@3.0.4':
    resolution: {integrity: sha512-WPs+bbQw5aCj+x6laNGWLH3wviHtoCv/P3+otBhbOhJgG8qtpdAMlTCxLtsTWA7LH1Oh/bFCHsBn0TPS5m30EQ==}

  '@types/linkify-it@5.0.0':
    resolution: {integrity: sha512-sVDA58zAw4eWAffKOaQH5/5j3XeayukzDk+ewSsnv3p4yJEZHCCzMDiZM8e0OUrRvmpGZ85jf4yDHkHsgBNr9Q==}

  '@types/markdown-it@14.1.2':
    resolution: {integrity: sha512-promo4eFwuiW+TfGxhi+0x3czqTYJkG8qB17ZUJiVF10Xm7NLVRSLUsfRTU/6h1e24VvRnXCx+hG7li58lkzog==}

  '@types/mdast@4.0.4':
    resolution: {integrity: sha512-kGaNbPh1k7AFzgpud/gMdvIm5xuECykRR+JnWKQno9TAXVa6WIVCGTPvYGekIDL4uwCZQSYbUxNBSb1aUo79oA==}

  '@types/mdurl@2.0.0':
    resolution: {integrity: sha512-RGdgjQUZba5p6QEFAVx2OGb8rQDL/cPRG7GiedRzMcJ1tYnUANBncjbSB1NRGwbvjcPeikRABz2nshyPk1bhWg==}

  '@types/unist@3.0.3':
    resolution: {integrity: sha512-ko/gIFJRv177XgZsZcBwnqJN5x/Gien8qNOn0D5bQU/zAzVf9Zt3BlcUiLqhV9y4ARk0GbT3tnUiPNgnTXzc/Q==}

  '@types/web-bluetooth@0.0.21':
    resolution: {integrity: sha512-oIQLCGWtcFZy2JW77j9k8nHzAOpqMHLQejDA48XXMWH6tjCQHz5RCFz1bzsmROyL6PUm+LLnUiI4BCn221inxA==}

  '@ungap/structured-clone@1.3.0':
    resolution: {integrity: sha512-WmoN8qaIAo7WTYWbAZuG8PYEhn5fkz7dZrqTBZ7dtt//lL2Gwms1IcnQ5yHqjDfX8Ft5j4YzDM23f87zBfDe9g==}

  '@vitejs/plugin-vue@6.0.4':
    resolution: {integrity: sha512-uM5iXipgYIn13UUQCZNdWkYk+sysBeA97d5mHsAoAt1u/wpN3+zxOmsVJWosuzX+IMGRzeYUNytztrYznboIkQ==}
    engines: {node: ^20.19.0 || >=22.12.0}
    peerDependencies:
      vite: ^5.0.0 || ^6.0.0 || ^7.0.0 || ^8.0.0-0
      vue: ^3.2.25

  '@vue/compiler-core@3.5.29':
    resolution: {integrity: sha512-cuzPhD8fwRHk8IGfmYaR4eEe4cAyJEL66Ove/WZL7yWNL134nqLddSLwNRIsFlnnW1kK+p8Ck3viFnC0chXCXw==}

  '@vue/compiler-dom@3.5.29':
    resolution: {integrity: sha512-n0G5o7R3uBVmVxjTIYcz7ovr8sy7QObFG8OQJ3xGCDNhbG60biP/P5KnyY8NLd81OuT1WJflG7N4KWYHaeeaIg==}

  '@vue/compiler-sfc@3.5.29':
    resolution: {integrity: sha512-oJZhN5XJs35Gzr50E82jg2cYdZQ78wEwvRO6Y63TvLVTc+6xICzJHP1UIecdSPPYIbkautNBanDiWYa64QSFIA==}

  '@vue/compiler-ssr@3.5.29':
    resolution: {integrity: sha512-Y/ARJZE6fpjzL5GH/phJmsFwx3g6t2KmHKHx5q+MLl2kencADKIrhH5MLF6HHpRMmlRAYBRSvv347Mepf1zVNw==}

  '@vue/devtools-api@8.0.7':
    resolution: {integrity: sha512-tc1TXAxclsn55JblLkFVcIRG7MeSJC4fWsPjfM7qu/IcmPUYnQ5Q8vzWwBpyDY24ZjmZTUCCwjRSNbx58IhlAA==}

  '@vue/devtools-kit@8.0.7':
    resolution: {integrity: sha512-H6esJGHGl5q0E9iV3m2EoBQHJ+V83WMW83A0/+Fn95eZ2iIvdsq4+UCS6yT/Fdd4cGZSchx/MdWDreM3WqMsDw==}

  '@vue/devtools-shared@8.0.7':
    resolution: {integrity: sha512-CgAb9oJH5NUmbQRdYDj/1zMiaICYSLtm+B1kxcP72LBrifGAjUmt8bx52dDH1gWRPlQgxGPqpAMKavzVirAEhA==}

  '@vue/reactivity@3.5.29':
    resolution: {integrity: sha512-zcrANcrRdcLtmGZETBxWqIkoQei8HaFpZWx/GHKxx79JZsiZ8j1du0VUJtu4eJjgFvU/iKL5lRXFXksVmI+5DA==}

  '@vue/runtime-core@3.5.29':
    resolution: {integrity: sha512-8DpW2QfdwIWOLqtsNcds4s+QgwSaHSJY/SUe04LptianUQ/0xi6KVsu/pYVh+HO3NTVvVJjIPL2t6GdeKbS4Lg==}

  '@vue/runtime-dom@3.5.29':
    resolution: {integrity: sha512-AHvvJEtcY9tw/uk+s/YRLSlxxQnqnAkjqvK25ZiM4CllCZWzElRAoQnCM42m9AHRLNJ6oe2kC5DCgD4AUdlvXg==}

  '@vue/server-renderer@3.5.29':
    resolution: {integrity: sha512-G/1k6WK5MusLlbxSE2YTcqAAezS+VuwHhOvLx2KnQU7G2zCH6KIb+5Wyt6UjMq7a3qPzNEjJXs1hvAxDclQH+g==}
    peerDependencies:
      vue: 3.5.29

  '@vue/shared@3.5.29':
    resolution: {integrity: sha512-w7SR0A5zyRByL9XUkCfdLs7t9XOHUyJ67qPGQjOou3p6GvBeBW+AVjUUmlxtZ4PIYaRvE+1LmK44O4uajlZwcg==}

  '@vueuse/core@14.2.1':
    resolution: {integrity: sha512-3vwDzV+GDUNpdegRY6kzpLm4Igptq+GA0QkJ3W61Iv27YWwW/ufSlOfgQIpN6FZRMG0mkaz4gglJRtq5SeJyIQ==}
    peerDependencies:
      vue: ^3.5.0

  '@vueuse/integrations@14.2.1':
    resolution: {integrity: sha512-2LIUpBi/67PoXJGqSDQUF0pgQWpNHh7beiA+KG2AbybcNm+pTGWT6oPGlBgUoDWmYwfeQqM/uzOHqcILpKL7nA==}
    peerDependencies:
      async-validator: ^4
      axios: ^1
      change-case: ^5
      drauu: ^0.4
      focus-trap: ^7 || ^8
      fuse.js: ^7
      idb-keyval: ^6
      jwt-decode: ^4
      nprogress: ^0.2
      qrcode: ^1.5
      sortablejs: ^1
      universal-cookie: ^7 || ^8
      vue: ^3.5.0
    peerDependenciesMeta:
      async-validator:
        optional: true
      axios:
        optional: true
      change-case:
        optional: true
      drauu:
        optional: true
      focus-trap:
        optional: true
      fuse.js:
        optional: true
      idb-keyval:
        optional: true
      jwt-decode:
        optional: true
      nprogress:
        optional: true
      qrcode:
        optional: true
      sortablejs:
        optional: true
      universal-cookie:
        optional: true

  '@vueuse/metadata@14.2.1':
    resolution: {integrity: sha512-1ButlVtj5Sb/HDtIy1HFr1VqCP4G6Ypqt5MAo0lCgjokrk2mvQKsK2uuy0vqu/Ks+sHfuHo0B9Y9jn9xKdjZsw==}

  '@vueuse/shared@14.2.1':
    resolution: {integrity: sha512-shTJncjV9JTI4oVNyF1FQonetYAiTBd+Qj7cY89SWbXSkx7gyhrgtEdF2ZAVWS1S3SHlaROO6F2IesJxQEkZBw==}
    peerDependencies:
      vue: ^3.5.0

  birpc@2.9.0:
    resolution: {integrity: sha512-KrayHS5pBi69Xi9JmvoqrIgYGDkD6mcSe/i6YKi3w5kekCLzrX4+nawcXqrj2tIp50Kw/mT/s3p+GVK0A0sKxw==}

  ccount@2.0.1:
    resolution: {integrity: sha512-eyrF0jiFpY+3drT6383f1qhkbGsLSifNAjA61IUjZjmLCWjItY6LB9ft9YhoDgwfmclB2zhu51Lc7+95b8NRAg==}

  character-entities-html4@2.1.0:
    resolution: {integrity: sha512-1v7fgQRj6hnSwFpq1Eu0ynr/CDEw0rXo2B61qXrLNdHZmPKgb7fqS1a2JwF0rISo9q77jDI8VMEHoApn8qDoZA==}

  character-entities-legacy@3.0.0:
    resolution: {integrity: sha512-RpPp0asT/6ufRm//AJVwpViZbGM/MkjQFxJccQRHmISF/22NBtsHqAWmL+/pmkPWoIUJdWyeVleTl1wydHATVQ==}

  comma-separated-tokens@2.0.3:
    resolution: {integrity: sha512-Fu4hJdvzeylCfQPp9SGWidpzrMs7tTrlu6Vb8XGaRGck8QSNZJJp538Wrb60Lax4fPwR64ViY468OIUTbRlGZg==}

  csstype@3.2.3:
    resolution: {integrity: sha512-z1HGKcYy2xA8AGQfwrn0PAy+PB7X/GSj3UVJW9qKyn43xWa+gl5nXmU4qqLMRzWVLFC8KusUX8T/0kCiOYpAIQ==}

  dequal@2.0.3:
    resolution: {integrity: sha512-0je+qPKHEMohvfRTCEo3CrPG6cAzAYgmzKyxRiYSSDkS6eGJdyVJm7WaYA5ECaAD9wLB2T4EEeymA5aFVcYXCA==}
    engines: {node: '>=6'}

  devlop@1.1.0:
    resolution: {integrity: sha512-RWmIqhcFf1lRYBvNmr7qTNuyCt/7/ns2jbpp1+PalgE/rDQcBT0fioSMUpJ93irlUhC5hrg4cYqe6U+0ImW0rA==}

  entities@7.0.1:
    resolution: {integrity: sha512-TWrgLOFUQTH994YUyl1yT4uyavY5nNB5muff+RtWaqNVCAK408b5ZnnbNAUEWLTCpum9w6arT70i1XdQ4UeOPA==}
    engines: {node: '>=0.12'}

  esbuild@0.27.3:
    resolution: {integrity: sha512-8VwMnyGCONIs6cWue2IdpHxHnAjzxnw2Zr7MkVxB2vjmQ2ivqGFb4LEG3SMnv0Gb2F/G/2yA8zUaiL1gywDCCg==}
    engines: {node: '>=18'}
    hasBin: true

  estree-walker@2.0.2:
    resolution: {integrity: sha512-Rfkk/Mp/DL7JVje3u18FxFujQlTNR2q6QfMSMB7AvCBx91NGj/ba3kCfza0f6dVDbw7YlRf/nDrn7pQrCCyQ/w==}

  fdir@6.5.0:
    resolution: {integrity: sha512-tIbYtZbucOs0BRGqPJkshJUYdL+SDH7dVM8gjy+ERp3WAUjLEFJE+02kanyHtwjWOnwrKYBiwAmM0p4kLJAnXg==}
    engines: {node: '>=12.0.0'}
    peerDependencies:
      picomatch: ^3 || ^4
    peerDependenciesMeta:
      picomatch:
        optional: true

  focus-trap@7.8.0:
    resolution: {integrity: sha512-/yNdlIkpWbM0ptxno3ONTuf+2g318kh2ez3KSeZN5dZ8YC6AAmgeWz+GasYYiBJPFaYcSAPeu4GfhUaChzIJXA==}

  fsevents@2.3.3:
    resolution: {integrity: sha512-5xoDfX+fL7faATnagmWPpbFtwh/R77WmMMqqHGS65C3vvB0YHrgF+B1YmZ3441tMj5n63k0212XNoJwzlhffQw==}
    engines: {node: ^8.16.0 || ^10.6.0 || >=11.0.0}
    os: [darwin]

  hast-util-to-html@9.0.5:
    resolution: {integrity: sha512-OguPdidb+fbHQSU4Q4ZiLKnzWo8Wwsf5bZfbvu7//a9oTYoqD/fWpe96NuHkoS9h0ccGOTe0C4NGXdtS0iObOw==}

  hast-util-whitespace@3.0.0:
    resolution: {integrity: sha512-88JUN06ipLwsnv+dVn+OIYOvAuvBMy/Qoi6O7mQHxdPXpjy+Cd6xRkWwux7DKO+4sYILtLBRIKgsdpS2gQc7qw==}

  hookable@5.5.3:
    resolution: {integrity: sha512-Yc+BQe8SvoXH1643Qez1zqLRmbA5rCL+sSmk6TVos0LWVfNIB7PGncdlId77WzLGSIB5KaWgTaNTs2lNVEI6VQ==}

  html-void-elements@3.0.0:
    resolution: {integrity: sha512-bEqo66MRXsUGxWHV5IP0PUiAWwoEjba4VCzg0LjFJBpchPaTfyfCKTG6bc5F8ucKec3q5y6qOdGyYTSBEvhCrg==}

  magic-string@0.30.21:
    resolution: {integrity: sha512-vd2F4YUyEXKGcLHoq+TEyCjxueSeHnFxyyjNp80yg0XV4vUhnDer/lvvlqM/arB5bXQN5K2/3oinyCRyx8T2CQ==}

  mark.js@8.11.1:
    resolution: {integrity: sha512-1I+1qpDt4idfgLQG+BNWmrqku+7/2bi5nLf4YwF8y8zXvmfiTBY3PV3ZibfrjBueCByROpuBjLLFCajqkgYoLQ==}

  mdast-util-to-hast@13.2.1:
    resolution: {integrity: sha512-cctsq2wp5vTsLIcaymblUriiTcZd0CwWtCbLvrOzYCDZoWyMNV8sZ7krj09FSnsiJi3WVsHLM4k6Dq/yaPyCXA==}

  micromark-util-character@2.1.1:
    resolution: {integrity: sha512-wv8tdUTJ3thSFFFJKtpYKOYiGP2+v96Hvk4Tu8KpCAsTMs6yi+nVmGh1syvSCsaxz45J6Jbw+9DD6g97+NV67Q==}

  micromark-util-encode@2.0.1:
    resolution: {integrity: sha512-c3cVx2y4KqUnwopcO9b/SCdo2O67LwJJ/UyqGfbigahfegL9myoEFoDYZgkT7f36T0bLrM9hZTAaAyH+PCAXjw==}

  micromark-util-sanitize-uri@2.0.1:
    resolution: {integrity: sha512-9N9IomZ/YuGGZZmQec1MbgxtlgougxTodVwDzzEouPKo3qFWvymFHWcnDi2vzV1ff6kas9ucW+o3yzJK9YB1AQ==}

  micromark-util-symbol@2.0.1:
    resolution: {integrity: sha512-vs5t8Apaud9N28kgCrRUdEed4UJ+wWNvicHLPxCa9ENlYuAY31M0ETy5y1vA33YoNPDFTghEbnh6efaE8h4x0Q==}

  micromark-util-types@2.0.2:
    resolution: {integrity: sha512-Yw0ECSpJoViF1qTU4DC6NwtC4aWGt1EkzaQB8KPPyCRR8z9TWeV0HbEFGTO+ZY1wB22zmxnJqhPyTpOVCpeHTA==}

  minisearch@7.2.0:
    resolution: {integrity: sha512-dqT2XBYUOZOiC5t2HRnwADjhNS2cecp9u+TJRiJ1Qp/f5qjkeT5APcGPjHw+bz89Ms8Jp+cG4AlE+QZ/QnDglg==}

  nanoid@3.3.11:
    resolution: {integrity: sha512-N8SpfPUnUp1bK+PMYW8qSWdl9U+wwNWI4QKxOYDy9JAro3WMX7p2OeVRF9v+347pnakNevPmiHhNmZ2HbFA76w==}
    engines: {node: ^10 || ^12 || ^13.7 || ^14 || >=15.0.1}
    hasBin: true

  oniguruma-parser@0.12.1:
    resolution: {integrity: sha512-8Unqkvk1RYc6yq2WBYRj4hdnsAxVze8i7iPfQr8e4uSP3tRv0rpZcbGUDvxfQQcdwHt/e9PrMvGCsa8OqG9X3w==}

  oniguruma-to-es@4.3.4:
    resolution: {integrity: sha512-3VhUGN3w2eYxnTzHn+ikMI+fp/96KoRSVK9/kMTcFqj1NRDh2IhQCKvYxDnWePKRXY/AqH+Fuiyb7VHSzBjHfA==}

  perfect-debounce@2.1.0:
    resolution: {integrity: sha512-LjgdTytVFXeUgtHZr9WYViYSM/g8MkcTPYDlPa3cDqMirHjKiSZPYd6DoL7pK8AJQr+uWkQvCjHNdiMqsrJs+g==}

  picocolors@1.1.1:
    resolution: {integrity: sha512-xceH2snhtb5M9liqDsmEw56le376mTZkEX/jEb/RxNFyegNul7eNslCXP9FDj/Lcu0X8KEyMceP2ntpaHrDEVA==}

  picomatch@4.0.3:
    resolution: {integrity: sha512-5gTmgEY/sqK6gFXLIsQNH19lWb4ebPDLA4SdLP7dsWkIXHWlG66oPuVvXSGFPppYZz8ZDZq0dYYrbHfBCVUb1Q==}
    engines: {node: '>=12'}

  postcss@8.5.6:
    resolution: {integrity: sha512-3Ybi1tAuwAP9s0r1UQ2J4n5Y0G05bJkpUIO0/bI9MhwmD70S5aTWbXGBwxHrelT+XM1k6dM0pk+SwNkpTRN7Pg==}
    engines: {node: ^10 || ^12 || >=14}

  property-information@7.1.0:
    resolution: {integrity: sha512-TwEZ+X+yCJmYfL7TPUOcvBZ4QfoT5YenQiJuX//0th53DE6w0xxLEtfK3iyryQFddXuvkIk51EEgrJQ0WJkOmQ==}

  regex-recursion@6.0.2:
    resolution: {integrity: sha512-0YCaSCq2VRIebiaUviZNs0cBz1kg5kVS2UKUfNIx8YVs1cN3AV7NTctO5FOKBA+UT2BPJIWZauYHPqJODG50cg==}

  regex-utilities@2.3.0:
    resolution: {integrity: sha512-8VhliFJAWRaUiVvREIiW2NXXTmHs4vMNnSzuJVhscgmGav3g9VDxLrQndI3dZZVVdp0ZO/5v0xmX516/7M9cng==}

  regex@6.1.0:
    resolution: {integrity: sha512-6VwtthbV4o/7+OaAF9I5L5V3llLEsoPyq9P1JVXkedTP33c7MfCG0/5NOPcSJn0TzXcG9YUrR0gQSWioew3LDg==}

  rollup@4.59.0:
    resolution: {integrity: sha512-2oMpl67a3zCH9H79LeMcbDhXW/UmWG/y2zuqnF2jQq5uq9TbM9TVyXvA4+t+ne2IIkBdrLpAaRQAvo7YI/Yyeg==}
    engines: {node: '>=18.0.0', npm: '>=8.0.0'}
    hasBin: true

  shiki@3.23.0:
    resolution: {integrity: sha512-55Dj73uq9ZXL5zyeRPzHQsK7Nbyt6Y10k5s7OjuFZGMhpp4r/rsLBH0o/0fstIzX1Lep9VxefWljK/SKCzygIA==}

  source-map-js@1.2.1:
    resolution: {integrity: sha512-UXWMKhLOwVKb728IUtQPXxfYU+usdybtUrK/8uGE8CQMvrhOpwvzDBwj0QhSL7MQc7vIsISBG8VQ8+IDQxpfQA==}
    engines: {node: '>=0.10.0'}

  space-separated-tokens@2.0.2:
    resolution: {integrity: sha512-PEGlAwrG8yXGXRjW32fGbg66JAlOAwbObuqVoJpv/mRgoWDQfgH1wDPvtzWyUSNAXBGSk8h755YDbbcEy3SH2Q==}

  stringify-entities@4.0.4:
    resolution: {integrity: sha512-IwfBptatlO+QCJUo19AqvrPNqlVMpW9YEL2LIVY+Rpv2qsjCGxaDLNRgeGsQWJhfItebuJhsGSLjaBbNSQ+ieg==}

  tabbable@6.4.0:
    resolution: {integrity: sha512-05PUHKSNE8ou2dwIxTngl4EzcnsCDZGJ/iCLtDflR/SHB/ny14rXc+qU5P4mG9JkusiV7EivzY9Mhm55AzAvCg==}

  tinyglobby@0.2.15:
    resolution: {integrity: sha512-j2Zq4NyQYG5XMST4cbs02Ak8iJUdxRM0XI5QyxXuZOzKOINmWurp3smXu3y5wDcJrptwpSjgXHzIQxR0omXljQ==}
    engines: {node: '>=12.0.0'}

  trim-lines@3.0.1:
    resolution: {integrity: sha512-kRj8B+YHZCc9kQYdWfJB2/oUl9rA99qbowYYBtr4ui4mZyAQ2JpvVBd/6U2YloATfqBhBTSMhTpgBHtU0Mf3Rg==}

  unist-util-is@6.0.1:
    resolution: {integrity: sha512-LsiILbtBETkDz8I9p1dQ0uyRUWuaQzd/cuEeS1hoRSyW5E5XGmTzlwY1OrNzzakGowI9Dr/I8HVaw4hTtnxy8g==}

  unist-util-position@5.0.0:
    resolution: {integrity: sha512-fucsC7HjXvkB5R3kTCO7kUjRdrS0BJt3M/FPxmHMBOm8JQi2BsHAHFsy27E0EolP8rp0NzXsJ+jNPyDWvOJZPA==}

  unist-util-stringify-position@4.0.0:
    resolution: {integrity: sha512-0ASV06AAoKCDkS2+xw5RXJywruurpbC4JZSm7nr7MOt1ojAzvyyaO+UxZf18j8FCF6kmzCZKcAgN/yu2gm2XgQ==}

  unist-util-visit-parents@6.0.2:
    resolution: {integrity: sha512-goh1s1TBrqSqukSc8wrjwWhL0hiJxgA8m4kFxGlQ+8FYQ3C/m11FcTs4YYem7V664AhHVvgoQLk890Ssdsr2IQ==}

  unist-util-visit@5.1.0:
    resolution: {integrity: sha512-m+vIdyeCOpdr/QeQCu2EzxX/ohgS8KbnPDgFni4dQsfSCtpz8UqDyY5GjRru8PDKuYn7Fq19j1CQ+nJSsGKOzg==}

  vfile-message@4.0.3:
    resolution: {integrity: sha512-QTHzsGd1EhbZs4AsQ20JX1rC3cOlt/IWJruk893DfLRr57lcnOeMaWG4K0JrRta4mIJZKth2Au3mM3u03/JWKw==}

  vfile@6.0.3:
    resolution: {integrity: sha512-KzIbH/9tXat2u30jf+smMwFCsno4wHVdNmzFyL+T/L3UGqqk6JKfVqOFOZEpZSHADH1k40ab6NUIXZq422ov3Q==}

  vite@7.3.1:
    resolution: {integrity: sha512-w+N7Hifpc3gRjZ63vYBXA56dvvRlNWRczTdmCBBa+CotUzAPf5b7YMdMR/8CQoeYE5LX3W4wj6RYTgonm1b9DA==}
    engines: {node: ^20.19.0 || >=22.12.0}
    hasBin: true
    peerDependencies:
      '@types/node': ^20.19.0 || >=22.12.0
      jiti: '>=1.21.0'
      less: ^4.0.0
      lightningcss: ^1.21.0
      sass: ^1.70.0
      sass-embedded: ^1.70.0
      stylus: '>=0.54.8'
      sugarss: ^5.0.0
      terser: ^5.16.0
      tsx: ^4.8.1
      yaml: ^2.4.2
    peerDependenciesMeta:
      '@types/node':
        optional: true
      jiti:
        optional: true
      less:
        optional: true
      lightningcss:
        optional: true
      sass:
        optional: true
      sass-embedded:
        optional: true
      stylus:
        optional: true
      sugarss:
        optional: true
      terser:
        optional: true
      tsx:
        optional: true
      yaml:
        optional: true

  vitepress@2.0.0-alpha.16:
    resolution: {integrity: sha512-w1nwsefDVIsje7BZr2tsKxkZutDGjG0YoQ2yxO7+a9tvYVqfljYbwj5LMYkPy8Tb7YbPwa22HtIhk62jbrvuEQ==}
    hasBin: true
    peerDependencies:
      markdown-it-mathjax3: ^4
      oxc-minify: '*'
      postcss: ^8
    peerDependenciesMeta:
      markdown-it-mathjax3:
        optional: true
      oxc-minify:
        optional: true
      postcss:
        optional: true

  vue@3.5.29:
    resolution: {integrity: sha512-BZqN4Ze6mDQVNAni0IHeMJ5mwr8VAJ3MQC9FmprRhcBYENw+wOAAjRj8jfmN6FLl0j96OXbR+CjWhmAmM+QGnA==}
    peerDependencies:
      typescript: '*'
    peerDependenciesMeta:
      typescript:
        optional: true

  zwitch@2.0.4:
    resolution: {integrity: sha512-bXE4cR/kVZhKZX/RjPEflHaKVhUVl85noU3v6b8apfQEc1x4A+zBxjZ4lN8LqGd6WZ3dl98pY4o717VFmoPp+A==}

snapshots:

  '@babel/helper-string-parser@7.27.1': {}

  '@babel/helper-validator-identifier@7.28.5': {}

  '@babel/parser@7.29.0':
    dependencies:
      '@babel/types': 7.29.0

  '@babel/types@7.29.0':
    dependencies:
      '@babel/helper-string-parser': 7.27.1
      '@babel/helper-validator-identifier': 7.28.5

  '@docsearch/css@4.6.0': {}

  '@docsearch/js@4.6.0': {}

  '@docsearch/sidepanel-js@4.6.0': {}

  '@esbuild/aix-ppc64@0.27.3':
    optional: true

  '@esbuild/android-arm64@0.27.3':
    optional: true

  '@esbuild/android-arm@0.27.3':
    optional: true

  '@esbuild/android-x64@0.27.3':
    optional: true

  '@esbuild/darwin-arm64@0.27.3':
    optional: true

  '@esbuild/darwin-x64@0.27.3':
    optional: true

  '@esbuild/freebsd-arm64@0.27.3':
    optional: true

  '@esbuild/freebsd-x64@0.27.3':
    optional: true

  '@esbuild/linux-arm64@0.27.3':
    optional: true

  '@esbuild/linux-arm@0.27.3':
    optional: true

  '@esbuild/linux-ia32@0.27.3':
    optional: true

  '@esbuild/linux-loong64@0.27.3':
    optional: true

  '@esbuild/linux-mips64el@0.27.3':
    optional: true

  '@esbuild/linux-ppc64@0.27.3':
    optional: true

  '@esbuild/linux-riscv64@0.27.3':
    optional: true

  '@esbuild/linux-s390x@0.27.3':
    optional: true

  '@esbuild/linux-x64@0.27.3':
    optional: true

  '@esbuild/netbsd-arm64@0.27.3':
    optional: true

  '@esbuild/netbsd-x64@0.27.3':
    optional: true

  '@esbuild/openbsd-arm64@0.27.3':
    optional: true

  '@esbuild/openbsd-x64@0.27.3':
    optional: true

  '@esbuild/openharmony-arm64@0.27.3':
    optional: true

  '@esbuild/sunos-x64@0.27.3':
    optional: true

  '@esbuild/win32-arm64@0.27.3':
    optional: true

  '@esbuild/win32-ia32@0.27.3':
    optional: true

  '@esbuild/win32-x64@0.27.3':
    optional: true

  '@iconify-json/simple-icons@1.2.72':
    dependencies:
      '@iconify/types': 2.0.0

  '@iconify/types@2.0.0': {}

  '@jridgewell/sourcemap-codec@1.5.5': {}

  '@rolldown/pluginutils@1.0.0-rc.2': {}

  '@rollup/rollup-android-arm-eabi@4.59.0':
    optional: true

  '@rollup/rollup-android-arm64@4.59.0':
    optional: true

  '@rollup/rollup-darwin-arm64@4.59.0':
    optional: true

  '@rollup/rollup-darwin-x64@4.59.0':
    optional: true

  '@rollup/rollup-freebsd-arm64@4.59.0':
    optional: true

  '@rollup/rollup-freebsd-x64@4.59.0':
    optional: true

  '@rollup/rollup-linux-arm-gnueabihf@4.59.0':
    optional: true

  '@rollup/rollup-linux-arm-musleabihf@4.59.0':
    optional: true

  '@rollup/rollup-linux-arm64-gnu@4.59.0':
    optional: true

  '@rollup/rollup-linux-arm64-musl@4.59.0':
    optional: true

  '@rollup/rollup-linux-loong64-gnu@4.59.0':
    optional: true

  '@rollup/rollup-linux-loong64-musl@4.59.0':
    optional: true

  '@rollup/rollup-linux-ppc64-gnu@4.59.0':
    optional: true

  '@rollup/rollup-linux-ppc64-musl@4.59.0':
    optional: true

  '@rollup/rollup-linux-riscv64-gnu@4.59.0':
    optional: true

  '@rollup/rollup-linux-riscv64-musl@4.59.0':
    optional: true

  '@rollup/rollup-linux-s390x-gnu@4.59.0':
    optional: true

  '@rollup/rollup-linux-x64-gnu@4.59.0':
    optional: true

  '@rollup/rollup-linux-x64-musl@4.59.0':
    optional: true

  '@rollup/rollup-openbsd-x64@4.59.0':
    optional: true

  '@rollup/rollup-openharmony-arm64@4.59.0':
    optional: true

  '@rollup/rollup-win32-arm64-msvc@4.59.0':
    optional: true

  '@rollup/rollup-win32-ia32-msvc@4.59.0':
    optional: true

  '@rollup/rollup-win32-x64-gnu@4.59.0':
    optional: true

  '@rollup/rollup-win32-x64-msvc@4.59.0':
    optional: true

  '@shikijs/core@3.23.0':
    dependencies:
      '@shikijs/types': 3.23.0
      '@shikijs/vscode-textmate': 10.0.2
      '@types/hast': 3.0.4
      hast-util-to-html: 9.0.5

  '@shikijs/engine-javascript@3.23.0':
    dependencies:
      '@shikijs/types': 3.23.0
      '@shikijs/vscode-textmate': 10.0.2
      oniguruma-to-es: 4.3.4

  '@shikijs/engine-oniguruma@3.23.0':
    dependencies:
      '@shikijs/types': 3.23.0
      '@shikijs/vscode-textmate': 10.0.2

  '@shikijs/langs@3.23.0':
    dependencies:
      '@shikijs/types': 3.23.0

  '@shikijs/themes@3.23.0':
    dependencies:
      '@shikijs/types': 3.23.0

  '@shikijs/transformers@3.23.0':
    dependencies:
      '@shikijs/core': 3.23.0
      '@shikijs/types': 3.23.0

  '@shikijs/types@3.23.0':
    dependencies:
      '@shikijs/vscode-textmate': 10.0.2
      '@types/hast': 3.0.4

  '@shikijs/vscode-textmate@10.0.2': {}

  '@types/estree@1.0.8': {}

  '@types/hast@3.0.4':
    dependencies:
      '@types/unist': 3.0.3

  '@types/linkify-it@5.0.0': {}

  '@types/markdown-it@14.1.2':
    dependencies:
      '@types/linkify-it': 5.0.0
      '@types/mdurl': 2.0.0

  '@types/mdast@4.0.4':
    dependencies:
      '@types/unist': 3.0.3

  '@types/mdurl@2.0.0': {}

  '@types/unist@3.0.3': {}

  '@types/web-bluetooth@0.0.21': {}

  '@ungap/structured-clone@1.3.0': {}

  '@vitejs/plugin-vue@6.0.4(vite@7.3.1)(vue@3.5.29)':
    dependencies:
      '@rolldown/pluginutils': 1.0.0-rc.2
      vite: 7.3.1
      vue: 3.5.29

  '@vue/compiler-core@3.5.29':
    dependencies:
      '@babel/parser': 7.29.0
      '@vue/shared': 3.5.29
      entities: 7.0.1
      estree-walker: 2.0.2
      source-map-js: 1.2.1

  '@vue/compiler-dom@3.5.29':
    dependencies:
      '@vue/compiler-core': 3.5.29
      '@vue/shared': 3.5.29

  '@vue/compiler-sfc@3.5.29':
    dependencies:
      '@babel/parser': 7.29.0
      '@vue/compiler-core': 3.5.29
      '@vue/compiler-dom': 3.5.29
      '@vue/compiler-ssr': 3.5.29
      '@vue/shared': 3.5.29
      estree-walker: 2.0.2
      magic-string: 0.30.21
      postcss: 8.5.6
      source-map-js: 1.2.1

  '@vue/compiler-ssr@3.5.29':
    dependencies:
      '@vue/compiler-dom': 3.5.29
      '@vue/shared': 3.5.29

  '@vue/devtools-api@8.0.7':
    dependencies:
      '@vue/devtools-kit': 8.0.7

  '@vue/devtools-kit@8.0.7':
    dependencies:
      '@vue/devtools-shared': 8.0.7
      birpc: 2.9.0
      hookable: 5.5.3
      perfect-debounce: 2.1.0

  '@vue/devtools-shared@8.0.7': {}

  '@vue/reactivity@3.5.29':
    dependencies:
      '@vue/shared': 3.5.29

  '@vue/runtime-core@3.5.29':
    dependencies:
      '@vue/reactivity': 3.5.29
      '@vue/shared': 3.5.29

  '@vue/runtime-dom@3.5.29':
    dependencies:
      '@vue/reactivity': 3.5.29
      '@vue/runtime-core': 3.5.29
      '@vue/shared': 3.5.29
      csstype: 3.2.3

  '@vue/server-renderer@3.5.29(vue@3.5.29)':
    dependencies:
      '@vue/compiler-ssr': 3.5.29
      '@vue/shared': 3.5.29
      vue: 3.5.29

  '@vue/shared@3.5.29': {}

  '@vueuse/core@14.2.1(vue@3.5.29)':
    dependencies:
      '@types/web-bluetooth': 0.0.21
      '@vueuse/metadata': 14.2.1
      '@vueuse/shared': 14.2.1(vue@3.5.29)
      vue: 3.5.29

  '@vueuse/integrations@14.2.1(focus-trap@7.8.0)(vue@3.5.29)':
    dependencies:
      '@vueuse/core': 14.2.1(vue@3.5.29)
      '@vueuse/shared': 14.2.1(vue@3.5.29)
      vue: 3.5.29
    optionalDependencies:
      focus-trap: 7.8.0

  '@vueuse/metadata@14.2.1': {}

  '@vueuse/shared@14.2.1(vue@3.5.29)':
    dependencies:
      vue: 3.5.29

  birpc@2.9.0: {}

  ccount@2.0.1: {}

  character-entities-html4@2.1.0: {}

  character-entities-legacy@3.0.0: {}

  comma-separated-tokens@2.0.3: {}

  csstype@3.2.3: {}

  dequal@2.0.3: {}

  devlop@1.1.0:
    dependencies:
      dequal: 2.0.3

  entities@7.0.1: {}

  esbuild@0.27.3:
    optionalDependencies:
      '@esbuild/aix-ppc64': 0.27.3
      '@esbuild/android-arm': 0.27.3
      '@esbuild/android-arm64': 0.27.3
      '@esbuild/android-x64': 0.27.3
      '@esbuild/darwin-arm64': 0.27.3
      '@esbuild/darwin-x64': 0.27.3
      '@esbuild/freebsd-arm64': 0.27.3
      '@esbuild/freebsd-x64': 0.27.3
      '@esbuild/linux-arm': 0.27.3
      '@esbuild/linux-arm64': 0.27.3
      '@esbuild/linux-ia32': 0.27.3
      '@esbuild/linux-loong64': 0.27.3
      '@esbuild/linux-mips64el': 0.27.3
      '@esbuild/linux-ppc64': 0.27.3
      '@esbuild/linux-riscv64': 0.27.3
      '@esbuild/linux-s390x': 0.27.3
      '@esbuild/linux-x64': 0.27.3
      '@esbuild/netbsd-arm64': 0.27.3
      '@esbuild/netbsd-x64': 0.27.3
      '@esbuild/openbsd-arm64': 0.27.3
      '@esbuild/openbsd-x64': 0.27.3
      '@esbuild/openharmony-arm64': 0.27.3
      '@esbuild/sunos-x64': 0.27.3
      '@esbuild/win32-arm64': 0.27.3
      '@esbuild/win32-ia32': 0.27.3
      '@esbuild/win32-x64': 0.27.3

  estree-walker@2.0.2: {}

  fdir@6.5.0(picomatch@4.0.3):
    optionalDependencies:
      picomatch: 4.0.3

  focus-trap@7.8.0:
    dependencies:
      tabbable: 6.4.0

  fsevents@2.3.3:
    optional: true

  hast-util-to-html@9.0.5:
    dependencies:
      '@types/hast': 3.0.4
      '@types/unist': 3.0.3
      ccount: 2.0.1
      comma-separated-tokens: 2.0.3
      hast-util-whitespace: 3.0.0
      html-void-elements: 3.0.0
      mdast-util-to-hast: 13.2.1
      property-information: 7.1.0
      space-separated-tokens: 2.0.2
      stringify-entities: 4.0.4
      zwitch: 2.0.4

  hast-util-whitespace@3.0.0:
    dependencies:
      '@types/hast': 3.0.4

  hookable@5.5.3: {}

  html-void-elements@3.0.0: {}

  magic-string@0.30.21:
    dependencies:
      '@jridgewell/sourcemap-codec': 1.5.5

  mark.js@8.11.1: {}

  mdast-util-to-hast@13.2.1:
    dependencies:
      '@types/hast': 3.0.4
      '@types/mdast': 4.0.4
      '@ungap/structured-clone': 1.3.0
      devlop: 1.1.0
      micromark-util-sanitize-uri: 2.0.1
      trim-lines: 3.0.1
      unist-util-position: 5.0.0
      unist-util-visit: 5.1.0
      vfile: 6.0.3

  micromark-util-character@2.1.1:
    dependencies:
      micromark-util-symbol: 2.0.1
      micromark-util-types: 2.0.2

  micromark-util-encode@2.0.1: {}

  micromark-util-sanitize-uri@2.0.1:
    dependencies:
      micromark-util-character: 2.1.1
      micromark-util-encode: 2.0.1
      micromark-util-symbol: 2.0.1

  micromark-util-symbol@2.0.1: {}

  micromark-util-types@2.0.2: {}

  minisearch@7.2.0: {}

  nanoid@3.3.11: {}

  oniguruma-parser@0.12.1: {}

  oniguruma-to-es@4.3.4:
    dependencies:
      oniguruma-parser: 0.12.1
      regex: 6.1.0
      regex-recursion: 6.0.2

  perfect-debounce@2.1.0: {}

  picocolors@1.1.1: {}

  picomatch@4.0.3: {}

  postcss@8.5.6:
    dependencies:
      nanoid: 3.3.11
      picocolors: 1.1.1
      source-map-js: 1.2.1

  property-information@7.1.0: {}

  regex-recursion@6.0.2:
    dependencies:
      regex-utilities: 2.3.0

  regex-utilities@2.3.0: {}

  regex@6.1.0:
    dependencies:
      regex-utilities: 2.3.0

  rollup@4.59.0:
    dependencies:
      '@types/estree': 1.0.8
    optionalDependencies:
      '@rollup/rollup-android-arm-eabi': 4.59.0
      '@rollup/rollup-android-arm64': 4.59.0
      '@rollup/rollup-darwin-arm64': 4.59.0
      '@rollup/rollup-darwin-x64': 4.59.0
      '@rollup/rollup-freebsd-arm64': 4.59.0
      '@rollup/rollup-freebsd-x64': 4.59.0
      '@rollup/rollup-linux-arm-gnueabihf': 4.59.0
      '@rollup/rollup-linux-arm-musleabihf': 4.59.0
      '@rollup/rollup-linux-arm64-gnu': 4.59.0
      '@rollup/rollup-linux-arm64-musl': 4.59.0
      '@rollup/rollup-linux-loong64-gnu': 4.59.0
      '@rollup/rollup-linux-loong64-musl': 4.59.0
      '@rollup/rollup-linux-ppc64-gnu': 4.59.0
      '@rollup/rollup-linux-ppc64-musl': 4.59.0
      '@rollup/rollup-linux-riscv64-gnu': 4.59.0
      '@rollup/rollup-linux-riscv64-musl': 4.59.0
      '@rollup/rollup-linux-s390x-gnu': 4.59.0
      '@rollup/rollup-linux-x64-gnu': 4.59.0
      '@rollup/rollup-linux-x64-musl': 4.59.0
      '@rollup/rollup-openbsd-x64': 4.59.0
      '@rollup/rollup-openharmony-arm64': 4.59.0
      '@rollup/rollup-win32-arm64-msvc': 4.59.0
      '@rollup/rollup-win32-ia32-msvc': 4.59.0
      '@rollup/rollup-win32-x64-gnu': 4.59.0
      '@rollup/rollup-win32-x64-msvc': 4.59.0
      fsevents: 2.3.3

  shiki@3.23.0:
    dependencies:
      '@shikijs/core': 3.23.0
      '@shikijs/engine-javascript': 3.23.0
      '@shikijs/engine-oniguruma': 3.23.0
      '@shikijs/langs': 3.23.0
      '@shikijs/themes': 3.23.0
      '@shikijs/types': 3.23.0
      '@shikijs/vscode-textmate': 10.0.2
      '@types/hast': 3.0.4

  source-map-js@1.2.1: {}

  space-separated-tokens@2.0.2: {}

  stringify-entities@4.0.4:
    dependencies:
      character-entities-html4: 2.1.0
      character-entities-legacy: 3.0.0

  tabbable@6.4.0: {}

  tinyglobby@0.2.15:
    dependencies:
      fdir: 6.5.0(picomatch@4.0.3)
      picomatch: 4.0.3

  trim-lines@3.0.1: {}

  unist-util-is@6.0.1:
    dependencies:
      '@types/unist': 3.0.3

  unist-util-position@5.0.0:
    dependencies:
      '@types/unist': 3.0.3

  unist-util-stringify-position@4.0.0:
    dependencies:
      '@types/unist': 3.0.3

  unist-util-visit-parents@6.0.2:
    dependencies:
      '@types/unist': 3.0.3
      unist-util-is: 6.0.1

  unist-util-visit@5.1.0:
    dependencies:
      '@types/unist': 3.0.3
      unist-util-is: 6.0.1
      unist-util-visit-parents: 6.0.2

  vfile-message@4.0.3:
    dependencies:
      '@types/unist': 3.0.3
      unist-util-stringify-position: 4.0.0

  vfile@6.0.3:
    dependencies:
      '@types/unist': 3.0.3
      vfile-message: 4.0.3

  vite@7.3.1:
    dependencies:
      esbuild: 0.27.3
      fdir: 6.5.0(picomatch@4.0.3)
      picomatch: 4.0.3
      postcss: 8.5.6
      rollup: 4.59.0
      tinyglobby: 0.2.15
    optionalDependencies:
      fsevents: 2.3.3

  vitepress@2.0.0-alpha.16(postcss@8.5.6):
    dependencies:
      '@docsearch/css': 4.6.0
      '@docsearch/js': 4.6.0
      '@docsearch/sidepanel-js': 4.6.0
      '@iconify-json/simple-icons': 1.2.72
      '@shikijs/core': 3.23.0
      '@shikijs/transformers': 3.23.0
      '@shikijs/types': 3.23.0
      '@types/markdown-it': 14.1.2
      '@vitejs/plugin-vue': 6.0.4(vite@7.3.1)(vue@3.5.29)
      '@vue/devtools-api': 8.0.7
      '@vue/shared': 3.5.29
      '@vueuse/core': 14.2.1(vue@3.5.29)
      '@vueuse/integrations': 14.2.1(focus-trap@7.8.0)(vue@3.5.29)
      focus-trap: 7.8.0
      mark.js: 8.11.1
      minisearch: 7.2.0
      shiki: 3.23.0
      vite: 7.3.1
      vue: 3.5.29
    optionalDependencies:
      postcss: 8.5.6
    transitivePeerDependencies:
      - '@types/node'
      - async-validator
      - axios
      - change-case
      - drauu
      - fuse.js
      - idb-keyval
      - jiti
      - jwt-decode
      - less
      - lightningcss
      - nprogress
      - qrcode
      - sass
      - sass-embedded
      - sortablejs
      - stylus
      - sugarss
      - terser
      - tsx
      - typescript
      - universal-cookie
      - yaml

  vue@3.5.29:
    dependencies:
      '@vue/compiler-dom': 3.5.29
      '@vue/compiler-sfc': 3.5.29
      '@vue/runtime-dom': 3.5.29
      '@vue/server-renderer': 3.5.29(vue@3.5.29)
      '@vue/shared': 3.5.29

  zwitch@2.0.4: {}
